
Microsoft Visual Studio Solution File, Format Version 12.00
# Visual Studio Version 16
VisualStudioVersion = 16.0.30517.126
MinimumVisualStudioVersion = 10.0.40219.1
Project("{FAE04EC0-301F-11D3-BF4B-00C04F79EFBC}") = "TextEditor", "TextEditor\TextEditor.csproj", "{8E28515F-03A4-443E-A402-F5F734BD88F7}"
EndProject
Global
	GlobalSection(SolutionConfigurationPlatforms) = preSolution
		Debug|Any CPU = Debug|Any CPU
		Release|Any CPU = Release|Any CPU
	EndGlobalSection
	GlobalSection(ProjectConfigurationPlatforms) = postSolution
		{8E28515F-03A4-443E-A402-F5F734BD88F7}.Debug|Any CPU.ActiveCfg = Debug|Any CPU
		{8E28515F-03A4-443E-A402-F5F734BD88F7}.Debug|Any CPU.Build.0 = Debug|Any CPU
		{8E28515F-03A4-443E-A402-F5F734BD88F7}.Release|Any CPU.ActiveCfg = Release|Any CPU
		{8E28515F-03A4-443E-A402-F5F734BD88F7}.Release|Any CPU.Build.0 = Release|Any CPU
	EndGlobalSection
	GlobalSection(SolutionProperties) = preSolution
		HideSolutionNode = FALSE
	EndGlobalSection
	GlobalSection(ExtensibilityGlobals) = postSolution
		SolutionGuid = {05E2C970-B8AD-43AB-BE89-AF677C48F04F}
	EndGlobalSection
EndGlobal
